
Microsoft Visual Studio Solution File, Format Version 12.00
# Visual Studio Version 16
VisualStudioVersion = 16.0.30503.244
MinimumVisualStudioVersion = 10.0.40219.1
Project("{FAE04EC0-301F-11D3-BF4B-00C04F79EFBC}") = "SeleniumTests", "SeleniumTests\SeleniumTests.csproj", "{995496D1-8E4B-4D74-9911-B65CE88C97BC}"
EndProject
Project("{FAE04EC0-301F-11D3-BF4B-00C04F79EFBC}") = "AdvanceAutomation", "AdvanceAutomation\AdvanceAutomation.csproj", "{39E9C81D-4B0D-488F-A108-3D6B2AA8D017}"
EndProject
Global
	GlobalSection(SolutionConfigurationPlatforms) = preSolution
		Debug|Any CPU = Debug|Any CPU
		Release|Any CPU = Release|Any CPU
	EndGlobalSection
	GlobalSection(ProjectConfigurationPlatforms) = postSolution
		{995496D1-8E4B-4D74-9911-B65CE88C97BC}.Debug|Any CPU.ActiveCfg = Debug|Any CPU
		{995496D1-8E4B-4D74-9911-B65CE88C97BC}.Debug|Any CPU.Build.0 = Debug|Any CPU
		{995496D1-8E4B-4D74-9911-B65CE88C97BC}.Release|Any CPU.ActiveCfg = Release|Any CPU
		{995496D1-8E4B-4D74-9911-B65CE88C97BC}.Release|Any CPU.Build.0 = Release|Any CPU
		{39E9C81D-4B0D-488F-A108-3D6B2AA8D017}.Debug|Any CPU.ActiveCfg = Debug|Any CPU
		{39E9C81D-4B0D-488F-A108-3D6B2AA8D017}.Debug|Any CPU.Build.0 = Debug|Any CPU
		{39E9C81D-4B0D-488F-A108-3D6B2AA8D017}.Release|Any CPU.ActiveCfg = Release|Any CPU
		{39E9C81D-4B0D-488F-A108-3D6B2AA8D017}.Release|Any CPU.Build.0 = Release|Any CPU
	EndGlobalSection
	GlobalSection(SolutionProperties) = preSolution
		HideSolutionNode = FALSE
	EndGlobalSection
	GlobalSection(ExtensibilityGlobals) = postSolution
		SolutionGuid = {3EB6889D-584B-47B5-9FF4-26413099A87B}
	EndGlobalSection
EndGlobal
